
Microsoft Visual Studio Solution File, Format Version 12.00
# Visual Studio Version 17
VisualStudioVersion = 17.2.32516.85
MinimumVisualStudioVersion = 10.0.40219.1
Project("{9A19103F-16F7-4668-BE54-9A1E7A4F7556}") = "Microsoft.Build.Traversal", "src\Traversal\Microsoft.Build.Traversal.csproj", "{B93918D4-75EA-467E-8F50-393A1324FF91}"
EndProject
Project("{2150E333-8FDC-42A3-9474-1A3956D46DE8}") = "build", "build", "{DC479DC1-DD8C-4DBA-AA37-FC3D39F24266}"
	ProjectSection(SolutionItems) = preProject
		azure-pipelines-official.yml = azure-pipelines-official.yml
		azure-pipelines.yml = azure-pipelines.yml
		Directory.Build.props = Directory.Build.props
		Directory.Build.rsp = Directory.Build.rsp
		Directory.Build.targets = Directory.Build.targets
		Directory.Packages.props = Directory.Packages.props
		global.json = global.json
		LICENSE.txt = LICENSE.txt
		NuGet.config = NuGet.config
		README.md = README.md
		RELEASE.md = RELEASE.md
		stylecop.json = stylecop.json
		version.json = version.json
		xunit.runner.json = xunit.runner.json
	EndProjectSection
EndProject
Project("{9A19103F-16F7-4668-BE54-9A1E7A4F7556}") = "Microsoft.Build.NoTargets", "src\NoTargets\Microsoft.Build.NoTargets.csproj", "{86A02D27-6A67-461B-931C-96051F363CAD}"
EndProject
Project("{9A19103F-16F7-4668-BE54-9A1E7A4F7556}") = "Microsoft.Build.CentralPackageVersions", "src\CentralPackageVersions\Microsoft.Build.CentralPackageVersions.csproj", "{720D8DE8-C7BA-4CD0-A00A-D8A169D7FE80}"
EndProject
Project("{9A19103F-16F7-4668-BE54-9A1E7A4F7556}") = "Microsoft.Build.Traversal.UnitTests", "src\Traversal.UnitTests\Microsoft.Build.Traversal.UnitTests.csproj", "{48AEFD7C-4F21-4855-9EB0-75B1EB58955C}"
EndProject
Project("{9A19103F-16F7-4668-BE54-9A1E7A4F7556}") = "Microsoft.Build.NoTargets.UnitTests", "src\NoTargets.UnitTests\Microsoft.Build.NoTargets.UnitTests.csproj", "{FE997E79-94D9-4663-9727-ABF40B67E1CF}"
EndProject
Project("{9A19103F-16F7-4668-BE54-9A1E7A4F7556}") = "Microsoft.Build.CentralPackageVersions.UnitTests", "src\CentralPackageVersions.UnitTests\Microsoft.Build.CentralPackageVersions.UnitTests.csproj", "{9D14030D-B050-48B0-82A4-9ADE28392533}"
EndProject
Project("{2150E333-8FDC-42A3-9474-1A3956D46DE8}") = "samples", "samples", "{867D30F7-2AEC-48E7-B167-4919EE1B0985}"
EndProject
Project("{2150E333-8FDC-42A3-9474-1A3956D46DE8}") = "NoTargets", "NoTargets", "{516F0D1D-C4FE-4832-9E49-903A2C57D3F3}"
	ProjectSection(SolutionItems) = preProject
		samples\NoTargets\Directory.Build.props = samples\NoTargets\Directory.Build.props
		samples\NoTargets\Directory.Build.targets = samples\NoTargets\Directory.Build.targets
		samples\NoTargets\README.md = samples\NoTargets\README.md
	EndProjectSection
EndProject
Project("{9A19103F-16F7-4668-BE54-9A1E7A4F7556}") = "SampleNoTargets", "samples\NoTargets\SampleNoTargets\SampleNoTargets.csproj", "{48F56A6B-A285-4B40-9E96-044F7AA2C532}"
EndProject
Project("{9A19103F-16F7-4668-BE54-9A1E7A4F7556}") = "Microsoft.Build.Artifacts", "src\Artifacts\Microsoft.Build.Artifacts.csproj", "{6E84BA77-308F-4780-852F-B27F8BFD2797}"
EndProject
Project("{9A19103F-16F7-4668-BE54-9A1E7A4F7556}") = "Microsoft.Build.Artifacts.UnitTests", "src\Artifacts.UnitTests\Microsoft.Build.Artifacts.UnitTests.csproj", "{359B2C2B-B9B8-496F-B4B1-9E4359729F89}"
EndProject
Project("{2150E333-8FDC-42A3-9474-1A3956D46DE8}") = "CentralPackageVersions", "CentralPackageVersions", "{FCF015C3-82E5-488D-8438-1410F6572F0B}"
	ProjectSection(SolutionItems) = preProject
		samples\CentralPackageVersions\Directory.Build.props = samples\CentralPackageVersions\Directory.Build.props
		samples\CentralPackageVersions\Directory.Build.targets = samples\CentralPackageVersions\Directory.Build.targets
		samples\CentralPackageVersions\Packages.props = samples\CentralPackageVersions\Packages.props
		samples\CentralPackageVersions\README.md = samples\CentralPackageVersions\README.md
	EndProjectSection
EndProject
Project("{9A19103F-16F7-4668-BE54-9A1E7A4F7556}") = "ClassLibrary", "samples\CentralPackageVersions\src\ClassLibrary\ClassLibrary.csproj", "{A266FDFA-BE7C-4E3E-9BEA-EF18EF66540C}"
EndProject
Project("{2150E333-8FDC-42A3-9474-1A3956D46DE8}") = "Traversal", "Traversal", "{5AEA9E7B-4AF2-4E03-A566-7CC30318C311}"
	ProjectSection(SolutionItems) = preProject
		samples\Traversal\Directory.Build.props = samples\Traversal\Directory.Build.props
		samples\Traversal\Directory.Build.targets = samples\Traversal\Directory.Build.targets
		samples\Traversal\dirs.proj = samples\Traversal\dirs.proj
		samples\Traversal\README.md = samples\Traversal\README.md
	EndProjectSection
EndProject
Project("{2150E333-8FDC-42A3-9474-1A3956D46DE8}") = "ProjectA", "ProjectA", "{615210F2-B751-431E-B2F1-C5D3C205F899}"
EndProject
Project("{2150E333-8FDC-42A3-9474-1A3956D46DE8}") = "ProjectB", "ProjectB", "{A9CC411B-67F8-4644-873C-1ACBFC12AAA5}"
EndProject
Project("{9A19103F-16F7-4668-BE54-9A1E7A4F7556}") = "ProjectA", "samples\Traversal\ProjectA\ProjectA.csproj", "{18C7CBF8-98D3-4C47-A11B-2905AF23A20B}"
EndProject
Project("{9A19103F-16F7-4668-BE54-9A1E7A4F7556}") = "ProjectB", "samples\Traversal\ProjectB\ProjectB.csproj", "{2035141B-4345-4E79-83DB-979A43BA5C29}"
EndProject
Project("{2150E333-8FDC-42A3-9474-1A3956D46DE8}") = "src", "src", "{145D39C4-285A-4ACF-B86C-7E611969DE35}"
EndProject
Project("{2150E333-8FDC-42A3-9474-1A3956D46DE8}") = "ClassLibrary", "ClassLibrary", "{35CEF293-5111-4017-A3BA-63FF5710C953}"
EndProject
Project("{2150E333-8FDC-42A3-9474-1A3956D46DE8}") = "SampleNoTargets", "SampleNoTargets", "{469437EE-241A-4B8A-B7E0-E0F913F5529D}"
EndProject
Project("{9A19103F-16F7-4668-BE54-9A1E7A4F7556}") = "Microsoft.Build.CopyOnWrite", "src\CopyOnWrite\Microsoft.Build.CopyOnWrite.csproj", "{153D1183-2953-4D4D-A5AD-AA2CF99B0DE3}"
EndProject
Project("{9A19103F-16F7-4668-BE54-9A1E7A4F7556}") = "Microsoft.Build.CopyOnWrite.UnitTests", "src\CopyOnWrite.UnitTests\Microsoft.Build.CopyOnWrite.UnitTests.csproj", "{AF9F2AFE-04D4-40B3-B17F-54ABD3DE7E4E}"
EndProject
Project("{9A19103F-16F7-4668-BE54-9A1E7A4F7556}") = "Microsoft.Build.RunVSTest", "src\RunTests\Microsoft.Build.RunVSTest.csproj", "{B4CA4749-4CDE-499F-8372-C71966C6DB16}"
EndProject
Project("{FAE04EC0-301F-11D3-BF4B-00C04F79EFBC}") = "Microsoft.Build.Cargo", "src\Cargo\Microsoft.Build.Cargo.csproj", "{D80866C1-FF2A-441B-984F-D256164BB56E}"
EndProject
Project("{FAE04EC0-301F-11D3-BF4B-00C04F79EFBC}") = "Microsoft.Build.Cargo.UnitTests", "src\Cargo.UnitTests\Microsoft.Build.Cargo.UnitTests.csproj", "{D6EF1644-D06C-4877-A8F7-3543E5D3175B}"
EndProject
Global
	GlobalSection(SolutionConfigurationPlatforms) = preSolution
		Debug|Any CPU = Debug|Any CPU
		Release|Any CPU = Release|Any CPU
	EndGlobalSection
	GlobalSection(ProjectConfigurationPlatforms) = postSolution
		{B93918D4-75EA-467E-8F50-393A1324FF91}.Debug|Any CPU.ActiveCfg = Debug|Any CPU
		{B93918D4-75EA-467E-8F50-393A1324FF91}.Debug|Any CPU.Build.0 = Debug|Any CPU
		{B93918D4-75EA-467E-8F50-393A1324FF91}.Release|Any CPU.ActiveCfg = Release|Any CPU
		{B93918D4-75EA-467E-8F50-393A1324FF91}.Release|Any CPU.Build.0 = Release|Any CPU
		{86A02D27-6A67-461B-931C-96051F363CAD}.Debug|Any CPU.ActiveCfg = Debug|Any CPU
		{86A02D27-6A67-461B-931C-96051F363CAD}.Debug|Any CPU.Build.0 = Debug|Any CPU
		{86A02D27-6A67-461B-931C-96051F363CAD}.Release|Any CPU.ActiveCfg = Release|Any CPU
		{86A02D27-6A67-461B-931C-96051F363CAD}.Release|Any CPU.Build.0 = Release|Any CPU
		{720D8DE8-C7BA-4CD0-A00A-D8A169D7FE80}.Debug|Any CPU.ActiveCfg = Debug|Any CPU
		{720D8DE8-C7BA-4CD0-A00A-D8A169D7FE80}.Debug|Any CPU.Build.0 = Debug|Any CPU
		{720D8DE8-C7BA-4CD0-A00A-D8A169D7FE80}.Release|Any CPU.ActiveCfg = Release|Any CPU
		{720D8DE8-C7BA-4CD0-A00A-D8A169D7FE80}.Release|Any CPU.Build.0 = Release|Any CPU
		{48AEFD7C-4F21-4855-9EB0-75B1EB58955C}.Debug|Any CPU.ActiveCfg = Debug|Any CPU
		{48AEFD7C-4F21-4855-9EB0-75B1EB58955C}.Debug|Any CPU.Build.0 = Debug|Any CPU
		{48AEFD7C-4F21-4855-9EB0-75B1EB58955C}.Release|Any CPU.ActiveCfg = Release|Any CPU
		{48AEFD7C-4F21-4855-9EB0-75B1EB58955C}.Release|Any CPU.Build.0 = Release|Any CPU
		{FE997E79-94D9-4663-9727-ABF40B67E1CF}.Debug|Any CPU.ActiveCfg = Debug|Any CPU
		{FE997E79-94D9-4663-9727-ABF40B67E1CF}.Debug|Any CPU.Build.0 = Debug|Any CPU
		{FE997E79-94D9-4663-9727-ABF40B67E1CF}.Release|Any CPU.ActiveCfg = Release|Any CPU
		{FE997E79-94D9-4663-9727-ABF40B67E1CF}.Release|Any CPU.Build.0 = Release|Any CPU
		{9D14030D-B050-48B0-82A4-9ADE28392533}.Debug|Any CPU.ActiveCfg = Debug|Any CPU
		{9D14030D-B050-48B0-82A4-9ADE28392533}.Debug|Any CPU.Build.0 = Debug|Any CPU
		{9D14030D-B050-48B0-82A4-9ADE28392533}.Release|Any CPU.ActiveCfg = Release|Any CPU
		{9D14030D-B050-48B0-82A4-9ADE28392533}.Release|Any CPU.Build.0 = Release|Any CPU
		{48F56A6B-A285-4B40-9E96-044F7AA2C532}.Debug|Any CPU.ActiveCfg = Debug|Any CPU
		{48F56A6B-A285-4B40-9E96-044F7AA2C532}.Debug|Any CPU.Build.0 = Debug|Any CPU
		{48F56A6B-A285-4B40-9E96-044F7AA2C532}.Release|Any CPU.ActiveCfg = Release|Any CPU
		{48F56A6B-A285-4B40-9E96-044F7AA2C532}.Release|Any CPU.Build.0 = Release|Any CPU
		{6E84BA77-308F-4780-852F-B27F8BFD2797}.Debug|Any CPU.ActiveCfg = Debug|Any CPU
		{6E84BA77-308F-4780-852F-B27F8BFD2797}.Debug|Any CPU.Build.0 = Debug|Any CPU
		{6E84BA77-308F-4780-852F-B27F8BFD2797}.Release|Any CPU.ActiveCfg = Release|Any CPU
		{6E84BA77-308F-4780-852F-B27F8BFD2797}.Release|Any CPU.Build.0 = Release|Any CPU
		{359B2C2B-B9B8-496F-B4B1-9E4359729F89}.Debug|Any CPU.ActiveCfg = Debug|Any CPU
		{359B2C2B-B9B8-496F-B4B1-9E4359729F89}.Debug|Any CPU.Build.0 = Debug|Any CPU
		{359B2C2B-B9B8-496F-B4B1-9E4359729F89}.Release|Any CPU.ActiveCfg = Release|Any CPU
		{359B2C2B-B9B8-496F-B4B1-9E4359729F89}.Release|Any CPU.Build.0 = Release|Any CPU
		{A266FDFA-BE7C-4E3E-9BEA-EF18EF66540C}.Debug|Any CPU.ActiveCfg = Debug|Any CPU
		{A266FDFA-BE7C-4E3E-9BEA-EF18EF66540C}.Debug|Any CPU.Build.0 = Debug|Any CPU
		{A266FDFA-BE7C-4E3E-9BEA-EF18EF66540C}.Release|Any CPU.ActiveCfg = Release|Any CPU
		{A266FDFA-BE7C-4E3E-9BEA-EF18EF66540C}.Release|Any CPU.Build.0 = Release|Any CPU
		{18C7CBF8-98D3-4C47-A11B-2905AF23A20B}.Debug|Any CPU.ActiveCfg = Debug|Any CPU
		{18C7CBF8-98D3-4C47-A11B-2905AF23A20B}.Debug|Any CPU.Build.0 = Debug|Any CPU
		{18C7CBF8-98D3-4C47-A11B-2905AF23A20B}.Release|Any CPU.ActiveCfg = Release|Any CPU
		{18C7CBF8-98D3-4C47-A11B-2905AF23A20B}.Release|Any CPU.Build.0 = Release|Any CPU
		{2035141B-4345-4E79-83DB-979A43BA5C29}.Debug|Any CPU.ActiveCfg = Debug|Any CPU
		{2035141B-4345-4E79-83DB-979A43BA5C29}.Debug|Any CPU.Build.0 = Debug|Any CPU
		{2035141B-4345-4E79-83DB-979A43BA5C29}.Release|Any CPU.ActiveCfg = Release|Any CPU
		{2035141B-4345-4E79-83DB-979A43BA5C29}.Release|Any CPU.Build.0 = Release|Any CPU
		{153D1183-2953-4D4D-A5AD-AA2CF99B0DE3}.Debug|Any CPU.ActiveCfg = Debug|Any CPU
		{153D1183-2953-4D4D-A5AD-AA2CF99B0DE3}.Debug|Any CPU.Build.0 = Debug|Any CPU
		{153D1183-2953-4D4D-A5AD-AA2CF99B0DE3}.Release|Any CPU.ActiveCfg = Release|Any CPU
		{153D1183-2953-4D4D-A5AD-AA2CF99B0DE3}.Release|Any CPU.Build.0 = Release|Any CPU
		{AF9F2AFE-04D4-40B3-B17F-54ABD3DE7E4E}.Debug|Any CPU.ActiveCfg = Debug|Any CPU
		{AF9F2AFE-04D4-40B3-B17F-54ABD3DE7E4E}.Debug|Any CPU.Build.0 = Debug|Any CPU
		{AF9F2AFE-04D4-40B3-B17F-54ABD3DE7E4E}.Release|Any CPU.ActiveCfg = Release|Any CPU
		{AF9F2AFE-04D4-40B3-B17F-54ABD3DE7E4E}.Release|Any CPU.Build.0 = Release|Any CPU
		{B4CA4749-4CDE-499F-8372-C71966C6DB16}.Debug|Any CPU.ActiveCfg = Debug|Any CPU
		{B4CA4749-4CDE-499F-8372-C71966C6DB16}.Debug|Any CPU.Build.0 = Debug|Any CPU
		{B4CA4749-4CDE-499F-8372-C71966C6DB16}.Release|Any CPU.ActiveCfg = Release|Any CPU
		{B4CA4749-4CDE-499F-8372-C71966C6DB16}.Release|Any CPU.Build.0 = Release|Any CPU
		{D80866C1-FF2A-441B-984F-D256164BB56E}.Debug|Any CPU.ActiveCfg = Debug|Any CPU
		{D80866C1-FF2A-441B-984F-D256164BB56E}.Debug|Any CPU.Build.0 = Debug|Any CPU
		{D80866C1-FF2A-441B-984F-D256164BB56E}.Release|Any CPU.ActiveCfg = Release|Any CPU
		{D80866C1-FF2A-441B-984F-D256164BB56E}.Release|Any CPU.Build.0 = Release|Any CPU
		{D6EF1644-D06C-4877-A8F7-3543E5D3175B}.Debug|Any CPU.ActiveCfg = Debug|Any CPU
		{D6EF1644-D06C-4877-A8F7-3543E5D3175B}.Debug|Any CPU.Build.0 = Debug|Any CPU
		{D6EF1644-D06C-4877-A8F7-3543E5D3175B}.Release|Any CPU.ActiveCfg = Release|Any CPU
		{D6EF1644-D06C-4877-A8F7-3543E5D3175B}.Release|Any CPU.Build.0 = Release|Any CPU
	EndGlobalSection
	GlobalSection(SolutionProperties) = preSolution
		HideSolutionNode = FALSE
	EndGlobalSection
	GlobalSection(NestedProjects) = preSolution
		{516F0D1D-C4FE-4832-9E49-903A2C57D3F3} = {867D30F7-2AEC-48E7-B167-4919EE1B0985}
		{48F56A6B-A285-4B40-9E96-044F7AA2C532} = {469437EE-241A-4B8A-B7E0-E0F913F5529D}
		{FCF015C3-82E5-488D-8438-1410F6572F0B} = {867D30F7-2AEC-48E7-B167-4919EE1B0985}
		{A266FDFA-BE7C-4E3E-9BEA-EF18EF66540C} = {35CEF293-5111-4017-A3BA-63FF5710C953}
		{5AEA9E7B-4AF2-4E03-A566-7CC30318C311} = {867D30F7-2AEC-48E7-B167-4919EE1B0985}
		{615210F2-B751-431E-B2F1-C5D3C205F899} = {5AEA9E7B-4AF2-4E03-A566-7CC30318C311}
		{A9CC411B-67F8-4644-873C-1ACBFC12AAA5} = {5AEA9E7B-4AF2-4E03-A566-7CC30318C311}
		{18C7CBF8-98D3-4C47-A11B-2905AF23A20B} = {615210F2-B751-431E-B2F1-C5D3C205F899}
		{2035141B-4345-4E79-83DB-979A43BA5C29} = {A9CC411B-67F8-4644-873C-1ACBFC12AAA5}
		{145D39C4-285A-4ACF-B86C-7E611969DE35} = {FCF015C3-82E5-488D-8438-1410F6572F0B}
		{35CEF293-5111-4017-A3BA-63FF5710C953} = {145D39C4-285A-4ACF-B86C-7E611969DE35}
		{469437EE-241A-4B8A-B7E0-E0F913F5529D} = {516F0D1D-C4FE-4832-9E49-903A2C57D3F3}
	EndGlobalSection
	GlobalSection(ExtensibilityGlobals) = postSolution
		SolutionGuid = {6AB3C4FB-938A-42B8-8E9E-A53178C94301}
	EndGlobalSection
EndGlobal
